{
  "name": "demo",
  "version": "1.0.0",
  "lockfileVersion": 1,
  "requires": true,
  "dependencies": {
    "bootstrap": {
      "version": "3.4.1",
      "resolved": "https://registry.nlark.com/bootstrap/download/bootstrap-3.4.1.tgz",
      "integrity": "sha1-w6NH1Bniia0R9AM+PEEyuHwIHXI=",
      "dev": true
    },
    "cropperjs": {
      "version": "1.5.12",
      "resolved": "https://registry.nlark.com/cropperjs/download/cropperjs-1.5.12.tgz",
      "integrity": "sha1-2cDbK/uMDXadUXOej5FrvEThD1A=",
      "dev": true
    },
    "jquery": {
      "version": "1.12.1",
      "resolved": "https://registry.nlark.com/jquery/download/jquery-1.12.1.tgz",
      "integrity": "sha1-nMNM5HgNTOuQxEMo8HEGTwGWDBg=",
      "dev": true
    }
  }
}
